features:
  - name: review_length_chars
    type: integer
  - name: review_length_words
    type: integer
  - name: sentiment_pos
    type: float
  - name: sentiment_neg
    type: float
  - name: sentiment_neu
    type: float
  - name: sentiment_compound
    type: float
  - name: tfidf_able
    type: float
  - name: tfidf_about
    type: float
  - name: tfidf_access
    type: float
  - name: tfidf_actually
    type: float
  - name: tfidf_adapter
    type: float
  - name: tfidf_add
    type: float
  - name: tfidf_after
    type: float
  - name: tfidf_again
    type: float
  - name: tfidf_all
    type: float
  - name: tfidf_almost
    type: float
  - name: tfidf_already
    type: float
  - name: tfidf_also
    type: float
  - name: tfidf_although
    type: float
  - name: tfidf_always
    type: float
  - name: tfidf_am
    type: float
  - name: tfidf_amazing
    type: float
  - name: tfidf_amazon
    type: float
  - name: tfidf_an
    type: float
  - name: tfidf_and
    type: float
  - name: tfidf_another
    type: float
  - name: tfidf_antenna
    type: float
  - name: tfidf_any
    type: float
  - name: tfidf_anyone
    type: float
  - name: tfidf_anything
    type: float
  - name: tfidf_apple
    type: float
  - name: tfidf_are
    type: float
  - name: tfidf_around
    type: float
  - name: tfidf_as
    type: float
  - name: tfidf_at
    type: float
  - name: tfidf_audio
    type: float
  - name: tfidf_available
    type: float
  - name: tfidf_away
    type: float
  - name: tfidf_back
    type: float
  - name: tfidf_bad
    type: float
  - name: tfidf_bag
    type: float
  - name: tfidf_bass
    type: float
  - name: tfidf_batteries
    type: float
  - name: tfidf_battery
    type: float
  - name: tfidf_be
    type: float
  - name: tfidf_because
    type: float
  - name: tfidf_been
    type: float
  - name: tfidf_before
    type: float
  - name: tfidf_being
    type: float
  - name: tfidf_best
    type: float
  - name: tfidf_better
    type: float
  - name: tfidf_between
    type: float
  - name: tfidf_big
    type: float
  - name: tfidf_bit
    type: float
  - name: tfidf_black
    type: float
  - name: tfidf_bluetooth
    type: float
  - name: tfidf_both
    type: float
  - name: tfidf_bottom
    type: float
  - name: tfidf_bought
    type: float
  - name: tfidf_box
    type: float
  - name: tfidf_brand
    type: float
  - name: tfidf_built
    type: float
  - name: tfidf_but
    type: float
  - name: tfidf_button
    type: float
  - name: tfidf_buttons
    type: float
  - name: tfidf_buy
    type: float
  - name: tfidf_buying
    type: float
  - name: tfidf_by
    type: float
  - name: tfidf_cable
    type: float
  - name: tfidf_cables
    type: float
  - name: tfidf_came
    type: float
  - name: tfidf_camera
    type: float
  - name: tfidf_cameras
    type: float
  - name: tfidf_can
    type: float
  - name: tfidf_canon
    type: float
  - name: tfidf_car
    type: float
  - name: tfidf_card
    type: float
  - name: tfidf_cards
    type: float
  - name: tfidf_carry
    type: float
  - name: tfidf_case
    type: float
  - name: tfidf_change
    type: float
  - name: tfidf_charge
    type: float
  - name: tfidf_charger
    type: float
  - name: tfidf_charging
    type: float
  - name: tfidf_cheap
    type: float
  - name: tfidf_clear
    type: float
  - name: tfidf_close
    type: float
  - name: tfidf_color
    type: float
  - name: tfidf_come
    type: float
  - name: tfidf_comes
    type: float
  - name: tfidf_comfortable
    type: float
  - name: tfidf_computer
    type: float
  - name: tfidf_connect
    type: float
  - name: tfidf_connected
    type: float
  - name: tfidf_connection
    type: float
  - name: tfidf_control
    type: float
  - name: tfidf_cord
    type: float
  - name: tfidf_cost
    type: float
  - name: tfidf_could
    type: float
  - name: tfidf_couple
    type: float
  - name: tfidf_cover
    type: float
  - name: tfidf_data
    type: float
  - name: tfidf_day
    type: float
  - name: tfidf_days
    type: float
  - name: tfidf_deal
    type: float
  - name: tfidf_decent
    type: float
  - name: tfidf_decided
    type: float
  - name: tfidf_definitely
    type: float
  - name: tfidf_design
    type: float
  - name: tfidf_device
    type: float
  - name: tfidf_devices
    type: float
  - name: tfidf_did
    type: float
  - name: tfidf_didn
    type: float
  - name: tfidf_difference
    type: float
  - name: tfidf_different
    type: float
  - name: tfidf_digital
    type: float
  - name: tfidf_display
    type: float
  - name: tfidf_do
    type: float
  - name: tfidf_does
    type: float
  - name: tfidf_doesn
    type: float
  - name: tfidf_don
    type: float
  - name: tfidf_done
    type: float
  - name: tfidf_down
    type: float
  - name: tfidf_drive
    type: float
  - name: tfidf_drives
    type: float
  - name: tfidf_dvd
    type: float
  - name: tfidf_each
    type: float
  - name: tfidf_ear
    type: float
  - name: tfidf_easily
    type: float
  - name: tfidf_easy
    type: float
  - name: tfidf_either
    type: float
  - name: tfidf_else
    type: float
  - name: tfidf_end
    type: float
  - name: tfidf_enough
    type: float
  - name: tfidf_especially
    type: float
  - name: tfidf_etc
    type: float
  - name: tfidf_even
    type: float
  - name: tfidf_ever
    type: float
  - name: tfidf_every
    type: float
  - name: tfidf_everything
    type: float
  - name: tfidf_exactly
    type: float
  - name: tfidf_excellent
    type: float
  - name: tfidf_expect
    type: float
  - name: tfidf_expected
    type: float
  - name: tfidf_expensive
    type: float
  - name: tfidf_experience
    type: float
  - name: tfidf_external
    type: float
  - name: tfidf_extra
    type: float
  - name: tfidf_fact
    type: float
  - name: tfidf_fan
    type: float
  - name: tfidf_far
    type: float
  - name: tfidf_fast
    type: float
  - name: tfidf_feature
    type: float
  - name: tfidf_features
    type: float
  - name: tfidf_feel
    type: float
  - name: tfidf_feels
    type: float
  - name: tfidf_few
    type: float
  - name: tfidf_files
    type: float
  - name: tfidf_find
    type: float
  - name: tfidf_fine
    type: float
  - name: tfidf_first
    type: float
  - name: tfidf_fit
    type: float
  - name: tfidf_fits
    type: float
  - name: tfidf_flash
    type: float
  - name: tfidf_for
    type: float
  - name: tfidf_found
    type: float
  - name: tfidf_free
    type: float
  - name: tfidf_from
    type: float
  - name: tfidf_front
    type: float
  - name: tfidf_full
    type: float
  - name: tfidf_get
    type: float
  - name: tfidf_getting
    type: float
  - name: tfidf_give
    type: float
  - name: tfidf_go
    type: float
  - name: tfidf_going
    type: float
  - name: tfidf_good
    type: float
  - name: tfidf_got
    type: float
  - name: tfidf_gps
    type: float
  - name: tfidf_great
    type: float
  - name: tfidf_had
    type: float
  - name: tfidf_hand
    type: float
  - name: tfidf_happy
    type: float
  - name: tfidf_hard
    type: float
  - name: tfidf_has
    type: float
  - name: tfidf_have
    type: float
  - name: tfidf_haven
    type: float
  - name: tfidf_having
    type: float
  - name: tfidf_hd
    type: float
  - name: tfidf_hdmi
    type: float
  - name: tfidf_he
    type: float
  - name: tfidf_head
    type: float
  - name: tfidf_headphones
    type: float
  - name: tfidf_heavy
    type: float
  - name: tfidf_here
    type: float
  - name: tfidf_high
    type: float
  - name: tfidf_highly
    type: float
  - name: tfidf_hold
    type: float
  - name: tfidf_home
    type: float
  - name: tfidf_hours
    type: float
  - name: tfidf_house
    type: float
  - name: tfidf_how
    type: float
  - name: tfidf_however
    type: float
  - name: tfidf_if
    type: float
  - name: tfidf_image
    type: float
  - name: tfidf_in
    type: float
  - name: tfidf_included
    type: float
  - name: tfidf_inside
    type: float
  - name: tfidf_install
    type: float
  - name: tfidf_installed
    type: float
  - name: tfidf_instead
    type: float
  - name: tfidf_internet
    type: float
  - name: tfidf_into
    type: float
  - name: tfidf_ipad
    type: float
  - name: tfidf_iphone
    type: float
  - name: tfidf_ipod
    type: float
  - name: tfidf_is
    type: float
  - name: tfidf_isn
    type: float
  - name: tfidf_issue
    type: float
  - name: tfidf_issues
    type: float
  - name: tfidf_it
    type: float
  - name: tfidf_item
    type: float
  - name: tfidf_its
    type: float
  - name: tfidf_itself
    type: float
  - name: tfidf_job
    type: float
  - name: tfidf_just
    type: float
  - name: tfidf_keep
    type: float
  - name: tfidf_keyboard
    type: float
  - name: tfidf_keys
    type: float
  - name: tfidf_kindle
    type: float
  - name: tfidf_know
    type: float
  - name: tfidf_laptop
    type: float
  - name: tfidf_large
    type: float
  - name: tfidf_last
    type: float
  - name: tfidf_least
    type: float
  - name: tfidf_left
    type: float
  - name: tfidf_lens
    type: float
  - name: tfidf_less
    type: float
  - name: tfidf_let
    type: float
  - name: tfidf_life
    type: float
  - name: tfidf_light
    type: float
  - name: tfidf_like
    type: float
  - name: tfidf_line
    type: float
  - name: tfidf_little
    type: float
  - name: tfidf_ll
    type: float
  - name: tfidf_long
    type: float
  - name: tfidf_longer
    type: float
  - name: tfidf_look
    type: float
  - name: tfidf_looking
    type: float
  - name: tfidf_looks
    type: float
  - name: tfidf_lot
    type: float
  - name: tfidf_love
    type: float
  - name: tfidf_low
    type: float
  - name: tfidf_mac
    type: float
  - name: tfidf_made
    type: float
  - name: tfidf_make
    type: float
  - name: tfidf_makes
    type: float
  - name: tfidf_manual
    type: float
  - name: tfidf_many
    type: float
  - name: tfidf_may
    type: float
  - name: tfidf_maybe
    type: float
  - name: tfidf_me
    type: float
  - name: tfidf_memory
    type: float
  - name: tfidf_might
    type: float
  - name: tfidf_mini
    type: float
  - name: tfidf_minutes
    type: float
  - name: tfidf_mode
    type: float
  - name: tfidf_model
    type: float
  - name: tfidf_money
    type: float
  - name: tfidf_monitor
    type: float
  - name: tfidf_months
    type: float
  - name: tfidf_more
    type: float
  - name: tfidf_most
    type: float
  - name: tfidf_mount
    type: float
  - name: tfidf_mouse
    type: float
  - name: tfidf_movies
    type: float
  - name: tfidf_much
    type: float
  - name: tfidf_music
    type: float
  - name: tfidf_must
    type: float
  - name: tfidf_my
    type: float
  - name: tfidf_need
    type: float
  - name: tfidf_needed
    type: float
  - name: tfidf_needs
    type: float
  - name: tfidf_network
    type: float
  - name: tfidf_never
    type: float
  - name: tfidf_new
    type: float
  - name: tfidf_next
    type: float
  - name: tfidf_nice
    type: float
  - name: tfidf_no
    type: float
  - name: tfidf_noise
    type: float
  - name: tfidf_not
    type: float
  - name: tfidf_note
    type: float
  - name: tfidf_nothing
    type: float
  - name: tfidf_now
    type: float
  - name: tfidf_num
    type: float
  - name: tfidf_of
    type: float
  - name: tfidf_off
    type: float
  - name: tfidf_ok
    type: float
  - name: tfidf_old
    type: float
  - name: tfidf_on
    type: float
  - name: tfidf_once
    type: float
  - name: tfidf_one
    type: float
  - name: tfidf_ones
    type: float
  - name: tfidf_only
    type: float
  - name: tfidf_open
    type: float
  - name: tfidf_or
    type: float
  - name: tfidf_order
    type: float
  - name: tfidf_ordered
    type: float
  - name: tfidf_original
    type: float
  - name: tfidf_other
    type: float
  - name: tfidf_others
    type: float
  - name: tfidf_our
    type: float
  - name: tfidf_out
    type: float
  - name: tfidf_over
    type: float
  - name: tfidf_overall
    type: float
  - name: tfidf_own
    type: float
  - name: tfidf_pair
    type: float
  - name: tfidf_part
    type: float
  - name: tfidf_pc
    type: float
  - name: tfidf_people
    type: float
  - name: tfidf_perfect
    type: float
  - name: tfidf_perfectly
    type: float
  - name: tfidf_performance
    type: float
  - name: tfidf_phone
    type: float
  - name: tfidf_photos
    type: float
  - name: tfidf_picture
    type: float
  - name: tfidf_pictures
    type: float
  - name: tfidf_place
    type: float
  - name: tfidf_plastic
    type: float
  - name: tfidf_play
    type: float
  - name: tfidf_player
    type: float
  - name: tfidf_plug
    type: float
  - name: tfidf_plugged
    type: float
  - name: tfidf_plus
    type: float
  - name: tfidf_point
    type: float
  - name: tfidf_port
    type: float
  - name: tfidf_ports
    type: float
  - name: tfidf_power
    type: float
  - name: tfidf_pretty
    type: float
  - name: tfidf_price
    type: float
  - name: tfidf_pro
    type: float
  - name: tfidf_probably
    type: float
  - name: tfidf_problem
    type: float
  - name: tfidf_problems
    type: float
  - name: tfidf_product
    type: float
  - name: tfidf_products
    type: float
  - name: tfidf_purchase
    type: float
  - name: tfidf_purchased
    type: float
  - name: tfidf_put
    type: float
  - name: tfidf_quality
    type: float
  - name: tfidf_quick
    type: float
  - name: tfidf_quickly
    type: float
  - name: tfidf_quite
    type: float
  - name: tfidf_radio
    type: float
  - name: tfidf_range
    type: float
  - name: tfidf_re
    type: float
  - name: tfidf_read
    type: float
  - name: tfidf_real
    type: float
  - name: tfidf_really
    type: float
  - name: tfidf_reason
    type: float
  - name: tfidf_received
    type: float
  - name: tfidf_receiver
    type: float
  - name: tfidf_recommend
    type: float
  - name: tfidf_remote
    type: float
  - name: tfidf_replace
    type: float
  - name: tfidf_replacement
    type: float
  - name: tfidf_review
    type: float
  - name: tfidf_reviews
    type: float
  - name: tfidf_right
    type: float
  - name: tfidf_room
    type: float
  - name: tfidf_router
    type: float
  - name: tfidf_run
    type: float
  - name: tfidf_running
    type: float
  - name: tfidf_said
    type: float
  - name: tfidf_same
    type: float
  - name: tfidf_samsung
    type: float
  - name: tfidf_say
    type: float
  - name: tfidf_screen
    type: float
  - name: tfidf_sd
    type: float
  - name: tfidf_second
    type: float
  - name: tfidf_see
    type: float
  - name: tfidf_seem
    type: float
  - name: tfidf_seems
    type: float
  - name: tfidf_service
    type: float
  - name: tfidf_set
    type: float
  - name: tfidf_settings
    type: float
  - name: tfidf_setup
    type: float
  - name: tfidf_several
    type: float
  - name: tfidf_short
    type: float
  - name: tfidf_should
    type: float
  - name: tfidf_side
    type: float
  - name: tfidf_signal
    type: float
  - name: tfidf_simple
    type: float
  - name: tfidf_simply
    type: float
  - name: tfidf_since
    type: float
  - name: tfidf_size
    type: float
  - name: tfidf_small
    type: float
  - name: tfidf_so
    type: float
  - name: tfidf_software
    type: float
  - name: tfidf_solid
    type: float
  - name: tfidf_some
    type: float
  - name: tfidf_something
    type: float
  - name: tfidf_sometimes
    type: float
  - name: tfidf_sony
    type: float
  - name: tfidf_sound
    type: float
  - name: tfidf_space
    type: float
  - name: tfidf_speaker
    type: float
  - name: tfidf_speakers
    type: float
  - name: tfidf_speed
    type: float
  - name: tfidf_stand
    type: float
  - name: tfidf_standard
    type: float
  - name: tfidf_stars
    type: float
  - name: tfidf_start
    type: float
  - name: tfidf_still
    type: float
  - name: tfidf_store
    type: float
  - name: tfidf_such
    type: float
  - name: tfidf_support
    type: float
  - name: tfidf_sure
    type: float
  - name: tfidf_switch
    type: float
  - name: tfidf_system
    type: float
  - name: tfidf_tablet
    type: float
  - name: tfidf_take
    type: float
  - name: tfidf_takes
    type: float
  - name: tfidf_tell
    type: float
  - name: tfidf_than
    type: float
  - name: tfidf_that
    type: float
  - name: tfidf_the
    type: float
  - name: tfidf_their
    type: float
  - name: tfidf_them
    type: float
  - name: tfidf_then
    type: float
  - name: tfidf_there
    type: float
  - name: tfidf_these
    type: float
  - name: tfidf_they
    type: float
  - name: tfidf_thing
    type: float
  - name: tfidf_things
    type: float
  - name: tfidf_think
    type: float
  - name: tfidf_this
    type: float
  - name: tfidf_those
    type: float
  - name: tfidf_though
    type: float
  - name: tfidf_thought
    type: float
  - name: tfidf_three
    type: float
  - name: tfidf_through
    type: float
  - name: tfidf_time
    type: float
  - name: tfidf_times
    type: float
  - name: tfidf_to
    type: float
  - name: tfidf_too
    type: float
  - name: tfidf_took
    type: float
  - name: tfidf_top
    type: float
  - name: tfidf_touch
    type: float
  - name: tfidf_tried
    type: float
  - name: tfidf_try
    type: float
  - name: tfidf_trying
    type: float
  - name: tfidf_turn
    type: float
  - name: tfidf_tv
    type: float
  - name: tfidf_two
    type: float
  - name: tfidf_type
    type: float
  - name: tfidf_under
    type: float
  - name: tfidf_unit
    type: float
  - name: tfidf_until
    type: float
  - name: tfidf_up
    type: float
  - name: tfidf_update
    type: float
  - name: tfidf_usb
    type: float
  - name: tfidf_use
    type: float
  - name: tfidf_used
    type: float
  - name: tfidf_user
    type: float
  - name: tfidf_using
    type: float
  - name: tfidf_ve
    type: float
  - name: tfidf_version
    type: float
  - name: tfidf_very
    type: float
  - name: tfidf_video
    type: float
  - name: tfidf_volume
    type: float
  - name: tfidf_wall
    type: float
  - name: tfidf_want
    type: float
  - name: tfidf_wanted
    type: float
  - name: tfidf_was
    type: float
  - name: tfidf_watch
    type: float
  - name: tfidf_way
    type: float
  - name: tfidf_we
    type: float
  - name: tfidf_well
    type: float
  - name: tfidf_went
    type: float
  - name: tfidf_were
    type: float
  - name: tfidf_what
    type: float
  - name: tfidf_when
    type: float
  - name: tfidf_where
    type: float
  - name: tfidf_which
    type: float
  - name: tfidf_while
    type: float
  - name: tfidf_who
    type: float
  - name: tfidf_why
    type: float
  - name: tfidf_will
    type: float
  - name: tfidf_windows
    type: float
  - name: tfidf_wireless
    type: float
  - name: tfidf_wish
    type: float
  - name: tfidf_with
    type: float
  - name: tfidf_without
    type: float
  - name: tfidf_won
    type: float
  - name: tfidf_work
    type: float
  - name: tfidf_worked
    type: float
  - name: tfidf_working
    type: float
  - name: tfidf_works
    type: float
  - name: tfidf_worth
    type: float
  - name: tfidf_would
    type: float
  - name: tfidf_year
    type: float
  - name: tfidf_years
    type: float
  - name: tfidf_yet
    type: float
  - name: tfidf_you
    type: float
  - name: tfidf_your
    type: float
  - name: tfidf_zoom
    type: float
  - name: sbert_0
    type: float
  - name: sbert_1
    type: float
  - name: sbert_2
    type: float
  - name: sbert_3
    type: float
  - name: sbert_4
    type: float
  - name: sbert_5
    type: float
  - name: sbert_6
    type: float
  - name: sbert_7
    type: float
  - name: sbert_8
    type: float
  - name: sbert_9
    type: float
  - name: sbert_10
    type: float
  - name: sbert_11
    type: float
  - name: sbert_12
    type: float
  - name: sbert_13
    type: float
  - name: sbert_14
    type: float
  - name: sbert_15
    type: float
  - name: sbert_16
    type: float
  - name: sbert_17
    type: float
  - name: sbert_18
    type: float
  - name: sbert_19
    type: float
  - name: sbert_20
    type: float
  - name: sbert_21
    type: float
  - name: sbert_22
    type: float
  - name: sbert_23
    type: float
  - name: sbert_24
    type: float
  - name: sbert_25
    type: float
  - name: sbert_26
    type: float
  - name: sbert_27
    type: float
  - name: sbert_28
    type: float
  - name: sbert_29
    type: float
  - name: sbert_30
    type: float
  - name: sbert_31
    type: float
  - name: sbert_32
    type: float
  - name: sbert_33
    type: float
  - name: sbert_34
    type: float
  - name: sbert_35
    type: float
  - name: sbert_36
    type: float
  - name: sbert_37
    type: float
  - name: sbert_38
    type: float
  - name: sbert_39
    type: float
  - name: sbert_40
    type: float
  - name: sbert_41
    type: float
  - name: sbert_42
    type: float
  - name: sbert_43
    type: float
  - name: sbert_44
    type: float
  - name: sbert_45
    type: float
  - name: sbert_46
    type: float
  - name: sbert_47
    type: float
  - name: sbert_48
    type: float
  - name: sbert_49
    type: float
  - name: sbert_50
    type: float
  - name: sbert_51
    type: float
  - name: sbert_52
    type: float
  - name: sbert_53
    type: float
  - name: sbert_54
    type: float
  - name: sbert_55
    type: float
  - name: sbert_56
    type: float
  - name: sbert_57
    type: float
  - name: sbert_58
    type: float
  - name: sbert_59
    type: float
  - name: sbert_60
    type: float
  - name: sbert_61
    type: float
  - name: sbert_62
    type: float
  - name: sbert_63
    type: float
  - name: sbert_64
    type: float
  - name: sbert_65
    type: float
  - name: sbert_66
    type: float
  - name: sbert_67
    type: float
  - name: sbert_68
    type: float
  - name: sbert_69
    type: float
  - name: sbert_70
    type: float
  - name: sbert_71
    type: float
  - name: sbert_72
    type: float
  - name: sbert_73
    type: float
  - name: sbert_74
    type: float
  - name: sbert_75
    type: float
  - name: sbert_76
    type: float
  - name: sbert_77
    type: float
  - name: sbert_78
    type: float
  - name: sbert_79
    type: float
  - name: sbert_80
    type: float
  - name: sbert_81
    type: float
  - name: sbert_82
    type: float
  - name: sbert_83
    type: float
  - name: sbert_84
    type: float
  - name: sbert_85
    type: float
  - name: sbert_86
    type: float
  - name: sbert_87
    type: float
  - name: sbert_88
    type: float
  - name: sbert_89
    type: float
  - name: sbert_90
    type: float
  - name: sbert_91
    type: float
  - name: sbert_92
    type: float
  - name: sbert_93
    type: float
  - name: sbert_94
    type: float
  - name: sbert_95
    type: float
  - name: sbert_96
    type: float
  - name: sbert_97
    type: float
  - name: sbert_98
    type: float
  - name: sbert_99
    type: float
  - name: sbert_100
    type: float
  - name: sbert_101
    type: float
  - name: sbert_102
    type: float
  - name: sbert_103
    type: float
  - name: sbert_104
    type: float
  - name: sbert_105
    type: float
  - name: sbert_106
    type: float
  - name: sbert_107
    type: float
  - name: sbert_108
    type: float
  - name: sbert_109
    type: float
  - name: sbert_110
    type: float
  - name: sbert_111
    type: float
  - name: sbert_112
    type: float
  - name: sbert_113
    type: float
  - name: sbert_114
    type: float
  - name: sbert_115
    type: float
  - name: sbert_116
    type: float
  - name: sbert_117
    type: float
  - name: sbert_118
    type: float
  - name: sbert_119
    type: float
  - name: sbert_120
    type: float
  - name: sbert_121
    type: float
  - name: sbert_122
    type: float
  - name: sbert_123
    type: float
  - name: sbert_124
    type: float
  - name: sbert_125
    type: float
  - name: sbert_126
    type: float
  - name: sbert_127
    type: float
  - name: sbert_128
    type: float
  - name: sbert_129
    type: float
  - name: sbert_130
    type: float
  - name: sbert_131
    type: float
  - name: sbert_132
    type: float
  - name: sbert_133
    type: float
  - name: sbert_134
    type: float
  - name: sbert_135
    type: float
  - name: sbert_136
    type: float
  - name: sbert_137
    type: float
  - name: sbert_138
    type: float
  - name: sbert_139
    type: float
  - name: sbert_140
    type: float
  - name: sbert_141
    type: float
  - name: sbert_142
    type: float
  - name: sbert_143
    type: float
  - name: sbert_144
    type: float
  - name: sbert_145
    type: float
  - name: sbert_146
    type: float
  - name: sbert_147
    type: float
  - name: sbert_148
    type: float
  - name: sbert_149
    type: float
  - name: sbert_150
    type: float
  - name: sbert_151
    type: float
  - name: sbert_152
    type: float
  - name: sbert_153
    type: float
  - name: sbert_154
    type: float
  - name: sbert_155
    type: float
  - name: sbert_156
    type: float
  - name: sbert_157
    type: float
  - name: sbert_158
    type: float
  - name: sbert_159
    type: float
  - name: sbert_160
    type: float
  - name: sbert_161
    type: float
  - name: sbert_162
    type: float
  - name: sbert_163
    type: float
  - name: sbert_164
    type: float
  - name: sbert_165
    type: float
  - name: sbert_166
    type: float
  - name: sbert_167
    type: float
  - name: sbert_168
    type: float
  - name: sbert_169
    type: float
  - name: sbert_170
    type: float
  - name: sbert_171
    type: float
  - name: sbert_172
    type: float
  - name: sbert_173
    type: float
  - name: sbert_174
    type: float
  - name: sbert_175
    type: float
  - name: sbert_176
    type: float
  - name: sbert_177
    type: float
  - name: sbert_178
    type: float
  - name: sbert_179
    type: float
  - name: sbert_180
    type: float
  - name: sbert_181
    type: float
  - name: sbert_182
    type: float
  - name: sbert_183
    type: float
  - name: sbert_184
    type: float
  - name: sbert_185
    type: float
  - name: sbert_186
    type: float
  - name: sbert_187
    type: float
  - name: sbert_188
    type: float
  - name: sbert_189
    type: float
  - name: sbert_190
    type: float
  - name: sbert_191
    type: float
  - name: sbert_192
    type: float
  - name: sbert_193
    type: float
  - name: sbert_194
    type: float
  - name: sbert_195
    type: float
  - name: sbert_196
    type: float
  - name: sbert_197
    type: float
  - name: sbert_198
    type: float
  - name: sbert_199
    type: float
  - name: sbert_200
    type: float
  - name: sbert_201
    type: float
  - name: sbert_202
    type: float
  - name: sbert_203
    type: float
  - name: sbert_204
    type: float
  - name: sbert_205
    type: float
  - name: sbert_206
    type: float
  - name: sbert_207
    type: float
  - name: sbert_208
    type: float
  - name: sbert_209
    type: float
  - name: sbert_210
    type: float
  - name: sbert_211
    type: float
  - name: sbert_212
    type: float
  - name: sbert_213
    type: float
  - name: sbert_214
    type: float
  - name: sbert_215
    type: float
  - name: sbert_216
    type: float
  - name: sbert_217
    type: float
  - name: sbert_218
    type: float
  - name: sbert_219
    type: float
  - name: sbert_220
    type: float
  - name: sbert_221
    type: float
  - name: sbert_222
    type: float
  - name: sbert_223
    type: float
  - name: sbert_224
    type: float
  - name: sbert_225
    type: float
  - name: sbert_226
    type: float
  - name: sbert_227
    type: float
  - name: sbert_228
    type: float
  - name: sbert_229
    type: float
  - name: sbert_230
    type: float
  - name: sbert_231
    type: float
  - name: sbert_232
    type: float
  - name: sbert_233
    type: float
  - name: sbert_234
    type: float
  - name: sbert_235
    type: float
  - name: sbert_236
    type: float
  - name: sbert_237
    type: float
  - name: sbert_238
    type: float
  - name: sbert_239
    type: float
  - name: sbert_240
    type: float
  - name: sbert_241
    type: float
  - name: sbert_242
    type: float
  - name: sbert_243
    type: float
  - name: sbert_244
    type: float
  - name: sbert_245
    type: float
  - name: sbert_246
    type: float
  - name: sbert_247
    type: float
  - name: sbert_248
    type: float
  - name: sbert_249
    type: float
  - name: sbert_250
    type: float
  - name: sbert_251
    type: float
  - name: sbert_252
    type: float
  - name: sbert_253
    type: float
  - name: sbert_254
    type: float
  - name: sbert_255
    type: float
  - name: sbert_256
    type: float
  - name: sbert_257
    type: float
  - name: sbert_258
    type: float
  - name: sbert_259
    type: float
  - name: sbert_260
    type: float
  - name: sbert_261
    type: float
  - name: sbert_262
    type: float
  - name: sbert_263
    type: float
  - name: sbert_264
    type: float
  - name: sbert_265
    type: float
  - name: sbert_266
    type: float
  - name: sbert_267
    type: float
  - name: sbert_268
    type: float
  - name: sbert_269
    type: float
  - name: sbert_270
    type: float
  - name: sbert_271
    type: float
  - name: sbert_272
    type: float
  - name: sbert_273
    type: float
  - name: sbert_274
    type: float
  - name: sbert_275
    type: float
  - name: sbert_276
    type: float
  - name: sbert_277
    type: float
  - name: sbert_278
    type: float
  - name: sbert_279
    type: float
  - name: sbert_280
    type: float
  - name: sbert_281
    type: float
  - name: sbert_282
    type: float
  - name: sbert_283
    type: float
  - name: sbert_284
    type: float
  - name: sbert_285
    type: float
  - name: sbert_286
    type: float
  - name: sbert_287
    type: float
  - name: sbert_288
    type: float
  - name: sbert_289
    type: float
  - name: sbert_290
    type: float
  - name: sbert_291
    type: float
  - name: sbert_292
    type: float
  - name: sbert_293
    type: float
  - name: sbert_294
    type: float
  - name: sbert_295
    type: float
  - name: sbert_296
    type: float
  - name: sbert_297
    type: float
  - name: sbert_298
    type: float
  - name: sbert_299
    type: float
  - name: sbert_300
    type: float
  - name: sbert_301
    type: float
  - name: sbert_302
    type: float
  - name: sbert_303
    type: float
  - name: sbert_304
    type: float
  - name: sbert_305
    type: float
  - name: sbert_306
    type: float
  - name: sbert_307
    type: float
  - name: sbert_308
    type: float
  - name: sbert_309
    type: float
  - name: sbert_310
    type: float
  - name: sbert_311
    type: float
  - name: sbert_312
    type: float
  - name: sbert_313
    type: float
  - name: sbert_314
    type: float
  - name: sbert_315
    type: float
  - name: sbert_316
    type: float
  - name: sbert_317
    type: float
  - name: sbert_318
    type: float
  - name: sbert_319
    type: float
  - name: sbert_320
    type: float
  - name: sbert_321
    type: float
  - name: sbert_322
    type: float
  - name: sbert_323
    type: float
  - name: sbert_324
    type: float
  - name: sbert_325
    type: float
  - name: sbert_326
    type: float
  - name: sbert_327
    type: float
  - name: sbert_328
    type: float
  - name: sbert_329
    type: float
  - name: sbert_330
    type: float
  - name: sbert_331
    type: float
  - name: sbert_332
    type: float
  - name: sbert_333
    type: float
  - name: sbert_334
    type: float
  - name: sbert_335
    type: float
  - name: sbert_336
    type: float
  - name: sbert_337
    type: float
  - name: sbert_338
    type: float
  - name: sbert_339
    type: float
  - name: sbert_340
    type: float
  - name: sbert_341
    type: float
  - name: sbert_342
    type: float
  - name: sbert_343
    type: float
  - name: sbert_344
    type: float
  - name: sbert_345
    type: float
  - name: sbert_346
    type: float
  - name: sbert_347
    type: float
  - name: sbert_348
    type: float
  - name: sbert_349
    type: float
  - name: sbert_350
    type: float
  - name: sbert_351
    type: float
  - name: sbert_352
    type: float
  - name: sbert_353
    type: float
  - name: sbert_354
    type: float
  - name: sbert_355
    type: float
  - name: sbert_356
    type: float
  - name: sbert_357
    type: float
  - name: sbert_358
    type: float
  - name: sbert_359
    type: float
  - name: sbert_360
    type: float
  - name: sbert_361
    type: float
  - name: sbert_362
    type: float
  - name: sbert_363
    type: float
  - name: sbert_364
    type: float
  - name: sbert_365
    type: float
  - name: sbert_366
    type: float
  - name: sbert_367
    type: float
  - name: sbert_368
    type: float
  - name: sbert_369
    type: float
  - name: sbert_370
    type: float
  - name: sbert_371
    type: float
  - name: sbert_372
    type: float
  - name: sbert_373
    type: float
  - name: sbert_374
    type: float
  - name: sbert_375
    type: float
  - name: sbert_376
    type: float
  - name: sbert_377
    type: float
  - name: sbert_378
    type: float
  - name: sbert_379
    type: float
  - name: sbert_380
    type: float
  - name: sbert_381
    type: float
  - name: sbert_382
    type: float
  - name: sbert_383
    type: float
